
Microsoft Visual Studio Solution File, Format Version 12.00
Project("{FAE04EC0-301F-11D3-BF4B-00C04F79EFBC}") = "TabletopRpg.Api", "TabletopRpg.Api\TabletopRpg.Api.csproj", "{8FB387F9-EEE8-48D1-8EAC-4807190FE593}"
EndProject
Project("{FAE04EC0-301F-11D3-BF4B-00C04F79EFBC}") = "TabletopRpg.Infra", "TabletopRpg.Infra\TabletopRpg.Infra.csproj", "{F8D32491-4588-4A3C-8FE5-186C41A6D248}"
EndProject
Project("{FAE04EC0-301F-11D3-BF4B-00C04F79EFBC}") = "TabletopRpg.Core", "TabletopRpg.Core\TabletopRpg.Core.csproj", "{DA590020-231F-49FF-983C-D475363D35CF}"
EndProject
Project("{FAE04EC0-301F-11D3-BF4B-00C04F79EFBC}") = "TabletopRpg.Framework", "TabletopRpg.Framework\TabletopRpg.Framework.csproj", "{91238EB2-777F-489C-B4E9-57574FFFAF64}"
EndProject
Project("{2150E333-8FDC-42A3-9474-1A3956D46DE8}") = "Framework", "Framework", "{78980F56-4325-4CEF-9268-231DDC129343}"
EndProject
Project("{2150E333-8FDC-42A3-9474-1A3956D46DE8}") = "Api", "Api", "{7E6A6AD0-48D7-42D1-AF18-CA89B6B49C88}"
EndProject
Project("{2150E333-8FDC-42A3-9474-1A3956D46DE8}") = "Core", "Core", "{23568E4D-9ABE-497A-9932-A519C1F66835}"
EndProject
Project("{2150E333-8FDC-42A3-9474-1A3956D46DE8}") = "Infra", "Infra", "{E92B84C5-55F8-4DB0-872F-BDDB845F8383}"
EndProject
Project("{2150E333-8FDC-42A3-9474-1A3956D46DE8}") = "DependencyInjection", "DependencyInjection", "{891A99A5-62C8-4777-A7D4-DB9068426A5D}"
EndProject
Project("{FAE04EC0-301F-11D3-BF4B-00C04F79EFBC}") = "TabletopRpg.Framework.DependencyInjection", "TabletopRpg.Framework.DependencyInjection\TabletopRpg.Framework.DependencyInjection.csproj", "{630F2720-4398-42AD-9430-5C734103DF38}"
EndProject
Project("{2150E333-8FDC-42A3-9474-1A3956D46DE8}") = "Authentication", "Authentication", "{11CAD407-6630-49EA-8513-99B4AF129242}"
EndProject
Project("{FAE04EC0-301F-11D3-BF4B-00C04F79EFBC}") = "TabletopRpg.Framework.Authentication", "TabletopRpg.Framework.Authentication\TabletopRpg.Framework.Authentication.csproj", "{8D93B94A-F8E4-4D91-8FE9-6713A28944F2}"
EndProject
Global
	GlobalSection(SolutionConfigurationPlatforms) = preSolution
		Debug|Any CPU = Debug|Any CPU
		Release|Any CPU = Release|Any CPU
	EndGlobalSection
	GlobalSection(ProjectConfigurationPlatforms) = postSolution
		{8FB387F9-EEE8-48D1-8EAC-4807190FE593}.Debug|Any CPU.ActiveCfg = Debug|Any CPU
		{8FB387F9-EEE8-48D1-8EAC-4807190FE593}.Debug|Any CPU.Build.0 = Debug|Any CPU
		{8FB387F9-EEE8-48D1-8EAC-4807190FE593}.Release|Any CPU.ActiveCfg = Release|Any CPU
		{8FB387F9-EEE8-48D1-8EAC-4807190FE593}.Release|Any CPU.Build.0 = Release|Any CPU
		{F8D32491-4588-4A3C-8FE5-186C41A6D248}.Debug|Any CPU.ActiveCfg = Debug|Any CPU
		{F8D32491-4588-4A3C-8FE5-186C41A6D248}.Debug|Any CPU.Build.0 = Debug|Any CPU
		{F8D32491-4588-4A3C-8FE5-186C41A6D248}.Release|Any CPU.ActiveCfg = Release|Any CPU
		{F8D32491-4588-4A3C-8FE5-186C41A6D248}.Release|Any CPU.Build.0 = Release|Any CPU
		{DA590020-231F-49FF-983C-D475363D35CF}.Debug|Any CPU.ActiveCfg = Debug|Any CPU
		{DA590020-231F-49FF-983C-D475363D35CF}.Debug|Any CPU.Build.0 = Debug|Any CPU
		{DA590020-231F-49FF-983C-D475363D35CF}.Release|Any CPU.ActiveCfg = Release|Any CPU
		{DA590020-231F-49FF-983C-D475363D35CF}.Release|Any CPU.Build.0 = Release|Any CPU
		{91238EB2-777F-489C-B4E9-57574FFFAF64}.Debug|Any CPU.ActiveCfg = Debug|Any CPU
		{91238EB2-777F-489C-B4E9-57574FFFAF64}.Debug|Any CPU.Build.0 = Debug|Any CPU
		{91238EB2-777F-489C-B4E9-57574FFFAF64}.Release|Any CPU.ActiveCfg = Release|Any CPU
		{91238EB2-777F-489C-B4E9-57574FFFAF64}.Release|Any CPU.Build.0 = Release|Any CPU
		{630F2720-4398-42AD-9430-5C734103DF38}.Debug|Any CPU.ActiveCfg = Debug|Any CPU
		{630F2720-4398-42AD-9430-5C734103DF38}.Debug|Any CPU.Build.0 = Debug|Any CPU
		{630F2720-4398-42AD-9430-5C734103DF38}.Release|Any CPU.ActiveCfg = Release|Any CPU
		{630F2720-4398-42AD-9430-5C734103DF38}.Release|Any CPU.Build.0 = Release|Any CPU
		{8D93B94A-F8E4-4D91-8FE9-6713A28944F2}.Debug|Any CPU.ActiveCfg = Debug|Any CPU
		{8D93B94A-F8E4-4D91-8FE9-6713A28944F2}.Debug|Any CPU.Build.0 = Debug|Any CPU
		{8D93B94A-F8E4-4D91-8FE9-6713A28944F2}.Release|Any CPU.ActiveCfg = Release|Any CPU
		{8D93B94A-F8E4-4D91-8FE9-6713A28944F2}.Release|Any CPU.Build.0 = Release|Any CPU
	EndGlobalSection
	GlobalSection(NestedProjects) = preSolution
		{8FB387F9-EEE8-48D1-8EAC-4807190FE593} = {7E6A6AD0-48D7-42D1-AF18-CA89B6B49C88}
		{DA590020-231F-49FF-983C-D475363D35CF} = {23568E4D-9ABE-497A-9932-A519C1F66835}
		{91238EB2-777F-489C-B4E9-57574FFFAF64} = {78980F56-4325-4CEF-9268-231DDC129343}
		{F8D32491-4588-4A3C-8FE5-186C41A6D248} = {E92B84C5-55F8-4DB0-872F-BDDB845F8383}
		{891A99A5-62C8-4777-A7D4-DB9068426A5D} = {78980F56-4325-4CEF-9268-231DDC129343}
		{630F2720-4398-42AD-9430-5C734103DF38} = {891A99A5-62C8-4777-A7D4-DB9068426A5D}
		{11CAD407-6630-49EA-8513-99B4AF129242} = {78980F56-4325-4CEF-9268-231DDC129343}
		{8D93B94A-F8E4-4D91-8FE9-6713A28944F2} = {11CAD407-6630-49EA-8513-99B4AF129242}
	EndGlobalSection
EndGlobal
